
Microsoft Visual Studio Solution File, Format Version 12.00
# Visual Studio Version 17
VisualStudioVersion = 17.0.31912.275
MinimumVisualStudioVersion = 10.0.40219.1
Project("{FAE04EC0-301F-11D3-BF4B-00C04F79EFBC}") = "AoC2022", "AoC2022\AoC2022.csproj", "{BA3F7185-10FC-4235-9C1A-0BC154846986}"
EndProject
Global
	GlobalSection(SolutionConfigurationPlatforms) = preSolution
		Debug|Any CPU = Debug|Any CPU
		Release|Any CPU = Release|Any CPU
	EndGlobalSection
	GlobalSection(ProjectConfigurationPlatforms) = postSolution
		{BA3F7185-10FC-4235-9C1A-0BC154846986}.Debug|Any CPU.ActiveCfg = Debug|Any CPU
		{BA3F7185-10FC-4235-9C1A-0BC154846986}.Debug|Any CPU.Build.0 = Debug|Any CPU
		{BA3F7185-10FC-4235-9C1A-0BC154846986}.Release|Any CPU.ActiveCfg = Release|Any CPU
		{BA3F7185-10FC-4235-9C1A-0BC154846986}.Release|Any CPU.Build.0 = Release|Any CPU
	EndGlobalSection
	GlobalSection(SolutionProperties) = preSolution
		HideSolutionNode = FALSE
	EndGlobalSection
	GlobalSection(ExtensibilityGlobals) = postSolution
		SolutionGuid = {A27AD75E-26E6-431C-B8B2-58E3E419CE6D}
	EndGlobalSection
EndGlobal
